
Microsoft Visual Studio Solution File, Format Version 12.00
# Visual Studio Version 16
VisualStudioVersion = 16.0.31911.196
MinimumVisualStudioVersion = 10.0.40219.1
Project("{FAE04EC0-301F-11D3-BF4B-00C04F79EFBC}") = "SportScraper", "SportScraper\SportScraper.csproj", "{232EDE1A-2061-43E6-A400-7BC762B6F5B6}"
EndProject
Global
	GlobalSection(SolutionConfigurationPlatforms) = preSolution
		Debug|Any CPU = Debug|Any CPU
		Release|Any CPU = Release|Any CPU
	EndGlobalSection
	GlobalSection(ProjectConfigurationPlatforms) = postSolution
		{232EDE1A-2061-43E6-A400-7BC762B6F5B6}.Debug|Any CPU.ActiveCfg = Debug|Any CPU
		{232EDE1A-2061-43E6-A400-7BC762B6F5B6}.Debug|Any CPU.Build.0 = Debug|Any CPU
		{232EDE1A-2061-43E6-A400-7BC762B6F5B6}.Release|Any CPU.ActiveCfg = Release|Any CPU
		{232EDE1A-2061-43E6-A400-7BC762B6F5B6}.Release|Any CPU.Build.0 = Release|Any CPU
	EndGlobalSection
	GlobalSection(SolutionProperties) = preSolution
		HideSolutionNode = FALSE
	EndGlobalSection
	GlobalSection(ExtensibilityGlobals) = postSolution
		SolutionGuid = {6D3003B6-4A62-4F72-8CF7-DB057A097D8D}
	EndGlobalSection
EndGlobal
